
Microsoft Visual Studio Solution File, Format Version 12.00
# Visual Studio 14
VisualStudioVersion = 14.0.25123.0
MinimumVisualStudioVersion = 10.0.40219.1
Project("{FAE04EC0-301F-11D3-BF4B-00C04F79EFBC}") = "Asp_mvc_2", "Asp_mvc_2\Asp_mvc_2.csproj", "{77EF72F3-2DD1-44EE-81CB-C1C19B0CC84C}"
EndProject
Global
	GlobalSection(SolutionConfigurationPlatforms) = preSolution
		Debug|Any CPU = Debug|Any CPU
		Release|Any CPU = Release|Any CPU
	EndGlobalSection
	GlobalSection(ProjectConfigurationPlatforms) = postSolution
		{77EF72F3-2DD1-44EE-81CB-C1C19B0CC84C}.Debug|Any CPU.ActiveCfg = Debug|Any CPU
		{77EF72F3-2DD1-44EE-81CB-C1C19B0CC84C}.Debug|Any CPU.Build.0 = Debug|Any CPU
		{77EF72F3-2DD1-44EE-81CB-C1C19B0CC84C}.Release|Any CPU.ActiveCfg = Release|Any CPU
		{77EF72F3-2DD1-44EE-81CB-C1C19B0CC84C}.Release|Any CPU.Build.0 = Release|Any CPU
	EndGlobalSection
	GlobalSection(SolutionProperties) = preSolution
		HideSolutionNode = FALSE
	EndGlobalSection
EndGlobal
